
Microsoft Visual Studio Solution File, Format Version 10.00
# Visual C++ Express 2008
Project("{8BC9CEB8-8B4A-11D0-8D11-00A0C91BC942}") = "dyn", "dyn\dyn.vcproj", "{22192A9B-7B1C-4B70-833A-A81B559ADE52}"
EndProject
Project("{8BC9CEB8-8B4A-11D0-8D11-00A0C91BC942}") = "testdyn", "testdyn\testdyn.vcproj", "{A79C4528-79CA-4679-BA51-3FC81135E760}"
	ProjectSection(ProjectDependencies) = postProject
		{22192A9B-7B1C-4B70-833A-A81B559ADE52} = {22192A9B-7B1C-4B70-833A-A81B559ADE52}
	EndProjectSection
EndProject
Project("{8BC9CEB8-8B4A-11D0-8D11-00A0C91BC942}") = "testdyn_ex", "testdyn_ex\testdyn_ex.vcproj", "{B7620955-2BFF-4A4E-BF53-6F4EC29EC166}"
EndProject
Global
	GlobalSection(SolutionConfigurationPlatforms) = preSolution
		Debug|Win32 = Debug|Win32
		Release|Win32 = Release|Win32
	EndGlobalSection
	GlobalSection(ProjectConfigurationPlatforms) = postSolution
		{22192A9B-7B1C-4B70-833A-A81B559ADE52}.Debug|Win32.ActiveCfg = Debug|Win32
		{22192A9B-7B1C-4B70-833A-A81B559ADE52}.Debug|Win32.Build.0 = Debug|Win32
		{22192A9B-7B1C-4B70-833A-A81B559ADE52}.Release|Win32.ActiveCfg = Release|Win32
		{22192A9B-7B1C-4B70-833A-A81B559ADE52}.Release|Win32.Build.0 = Release|Win32
		{A79C4528-79CA-4679-BA51-3FC81135E760}.Debug|Win32.ActiveCfg = Debug|Win32
		{A79C4528-79CA-4679-BA51-3FC81135E760}.Debug|Win32.Build.0 = Debug|Win32
		{A79C4528-79CA-4679-BA51-3FC81135E760}.Release|Win32.ActiveCfg = Release|Win32
		{A79C4528-79CA-4679-BA51-3FC81135E760}.Release|Win32.Build.0 = Release|Win32
		{B7620955-2BFF-4A4E-BF53-6F4EC29EC166}.Debug|Win32.ActiveCfg = Debug|Win32
		{B7620955-2BFF-4A4E-BF53-6F4EC29EC166}.Debug|Win32.Build.0 = Debug|Win32
		{B7620955-2BFF-4A4E-BF53-6F4EC29EC166}.Release|Win32.ActiveCfg = Release|Win32
		{B7620955-2BFF-4A4E-BF53-6F4EC29EC166}.Release|Win32.Build.0 = Release|Win32
	EndGlobalSection
	GlobalSection(SolutionProperties) = preSolution
		HideSolutionNode = FALSE
	EndGlobalSection
EndGlobal
